
Microsoft Visual Studio Solution File, Format Version 12.00
# Visual Studio Version 16
VisualStudioVersion = 16.0.31515.178
MinimumVisualStudioVersion = 10.0.40219.1
Project("{888888A0-9F3D-457C-B088-3A5042F75D52}") = "MovieGuide - Part 2", "MovieGuide - Part 2.pyproj", "{8082D9F6-CA8D-4077-97FB-E5165C86595C}"
EndProject
Global
	GlobalSection(SolutionConfigurationPlatforms) = preSolution
		Debug|Any CPU = Debug|Any CPU
		Release|Any CPU = Release|Any CPU
	EndGlobalSection
	GlobalSection(ProjectConfigurationPlatforms) = postSolution
		{8082D9F6-CA8D-4077-97FB-E5165C86595C}.Debug|Any CPU.ActiveCfg = Debug|Any CPU
		{8082D9F6-CA8D-4077-97FB-E5165C86595C}.Release|Any CPU.ActiveCfg = Release|Any CPU
	EndGlobalSection
	GlobalSection(SolutionProperties) = preSolution
		HideSolutionNode = FALSE
	EndGlobalSection
	GlobalSection(ExtensibilityGlobals) = postSolution
		SolutionGuid = {7CB1984A-0011-4C7F-9CC3-4C6C1806DA6C}
	EndGlobalSection
EndGlobal
